
Microsoft Visual Studio Solution File, Format Version 12.00
# Visual Studio Version 16
VisualStudioVersion = 16.0.29411.138
MinimumVisualStudioVersion = 10.0.40219.1
Project("{FAE04EC0-301F-11D3-BF4B-00C04F79EFBC}") = "Demo", "Demo\Demo.csproj", "{87053DC6-4986-49DD-8EFD-A3771C795C13}"
EndProject
Global
	GlobalSection(SolutionConfigurationPlatforms) = preSolution
		Debug|Any CPU = Debug|Any CPU
		Release|Any CPU = Release|Any CPU
	EndGlobalSection
	GlobalSection(ProjectConfigurationPlatforms) = postSolution
		{87053DC6-4986-49DD-8EFD-A3771C795C13}.Debug|Any CPU.ActiveCfg = Debug|Any CPU
		{87053DC6-4986-49DD-8EFD-A3771C795C13}.Debug|Any CPU.Build.0 = Debug|Any CPU
		{87053DC6-4986-49DD-8EFD-A3771C795C13}.Release|Any CPU.ActiveCfg = Release|Any CPU
		{87053DC6-4986-49DD-8EFD-A3771C795C13}.Release|Any CPU.Build.0 = Release|Any CPU
	EndGlobalSection
	GlobalSection(SolutionProperties) = preSolution
		HideSolutionNode = FALSE
	EndGlobalSection
	GlobalSection(ExtensibilityGlobals) = postSolution
		SolutionGuid = {942F3896-9BB6-46CE-811C-48BC2729A1AE}
	EndGlobalSection
EndGlobal
